# This file is autogenerated, do not edit; changes may be undone by the next 'dep ensure'.


[[projects]]
  branch = "master"
  name = "github.com/influxdata/influxdb1-client"
  packages = [".","models","pkg/escape","v2"]
  revision = "fc22c7df067eefd070157f157893fbce961d6359"

[solve-meta]
  analyzer-name = "dep"
  analyzer-version = 1
  inputs-digest = "2909cb35e77a1266ffe34258089a13d0599a0ae62c960a3d37ec9a40939fdc86"
  solver-name = "gps-cdcl"
  solver-version = 1
